PODS:
  - FBSnapshotTestCase (2.1.4):
    - FBSnapshotTestCase/SwiftSupport (= 2.1.4)
  - FBSnapshotTestCase/Core (2.1.4)
  - FBSnapshotTestCase/SwiftSupport (2.1.4):
    - FBSnapshotTestCase/Core
  - GDataXMLNode2 (2.0.1)
  - Kiwi (2.4.0)
  - RIoc (0.1.0):
    - GDataXMLNode2 (~> 2.0.1)

DEPENDENCIES:
  - FBSnapshotTestCase
  - Kiwi
  - RIoc (from `../`)

EXTERNAL SOURCES:
  RIoc:
    :path: "../"

SPEC CHECKSUMS:
  FBSnapshotTestCase: '094f9f314decbabe373b87cc339bea235a63e07a'
  GDataXMLNode2: 90a3f2cd1f041aa5f43062eec884e0943704bf81
  Kiwi: f49c9d54b28917df5928fe44968a39ed198cb8a8
  RIoc: 1f3ec9d0f3d9eb37d08e9734644cf6e71e4aecab

PODFILE CHECKSUM: 42af9cc78542bc1c43ef6782f6e9b47937b1420a

COCOAPODS: 1.2.1
